
Microsoft Visual Studio Solution File, Format Version 12.00
# Visual Studio Version 17
VisualStudioVersion = 17.11.35222.181
MinimumVisualStudioVersion = 10.0.40219.1
Project("{FAE04EC0-301F-11D3-BF4B-00C04F79EFBC}") = "dotnet-aegis-test", "dotnet-aegis-test.csproj", "{4825A209-67EF-4129-9E0A-7666576DEEDF}"
EndProject
Global
	GlobalSection(SolutionConfigurationPlatforms) = preSolution
		Debug|Any CPU = Debug|Any CPU
		Release|Any CPU = Release|Any CPU
	EndGlobalSection
	GlobalSection(ProjectConfigurationPlatforms) = postSolution
		{4825A209-67EF-4129-9E0A-7666576DEEDF}.Debug|Any CPU.ActiveCfg = Debug|Any CPU
		{4825A209-67EF-4129-9E0A-7666576DEEDF}.Debug|Any CPU.Build.0 = Debug|Any CPU
		{4825A209-67EF-4129-9E0A-7666576DEEDF}.Release|Any CPU.ActiveCfg = Release|Any CPU
		{4825A209-67EF-4129-9E0A-7666576DEEDF}.Release|Any CPU.Build.0 = Release|Any CPU
	EndGlobalSection
	GlobalSection(SolutionProperties) = preSolution
		HideSolutionNode = FALSE
	EndGlobalSection
	GlobalSection(ExtensibilityGlobals) = postSolution
		SolutionGuid = {F5FFA37C-BFAB-4787-BF62-BB8463A88F32}
	EndGlobalSection
EndGlobal
